// !$*UTF8*$!
{
	archiveVersion = 1;
	classes = {
	};
	objectVersion = 46;
	objects = {

/* Begin PBXBuildFile section */
		1B7914D01E8DEF4800CB2B4C /* AppDelegate.swift in Sources */ = {isa = PBXBuildFile; fileRef = 1B7914CF1E8DEF4800CB2B4C /* AppDelegate.swift */; };
		1B7914D21E8DEF4800CB2B4C /* ViewController.swift in Sources */ = {isa = PBXBuildFile; fileRef = 1B7914D11E8DEF4800CB2B4C /* ViewController.swift */; };
		1B7914D51E8DEF4800CB2B4C /* Main.storyboard in Resources */ = {isa = PBXBuildFile; fileRef = 1B7914D31E8DEF4800CB2B4C /* Main.storyboard */; };
		1B7914D71E8DEF4800CB2B4C /* Assets.xcassets in Resources */ = {isa = PBXBuildFile; fileRef = 1B7914D61E8DEF4800CB2B4C /* Assets.xcassets */; };
		1B7914DA1E8DEF4800CB2B4C /* LaunchScreen.storyboard in Resources */ = {isa = PBXBuildFile; fileRef = 1B7914D81E8DEF4800CB2B4C /* LaunchScreen.storyboard */; };
		1B7914E51E8DEF4800CB2B4C /* OmnipotentSkipTests.swift in Sources */ = {isa = PBXBuildFile; fileRef = 1B7914E41E8DEF4800CB2B4C /* OmnipotentSkipTests.swift */; };
		1B7914F01E8DEF4800CB2B4C /* OmnipotentSkipUITests.swift in Sources */ = {isa = PBXBuildFile; fileRef = 1B7914EF1E8DEF4800CB2B4C /* OmnipotentSkipUITests.swift */; };
/* End PBXBuildFile section */

/* Begin PBXContainerItemProxy section */
		1B7914E11E8DEF4800CB2B4C /* PBXContainerItemProxy */ = {
			isa = PBXContainerItemProxy;
			containerPortal = 1B7914C41E8DEF4700CB2B4C /* Project object */;
			proxyType = 1;
			remoteGlobalIDString = 1B7914CB1E8DEF4700CB2B4C;
			remoteInfo = OmnipotentSkip;
		};
		1B7914EC1E8DEF4800CB2B4C /* PBXContainerItemProxy */ = {
			isa = PBXContainerItemProxy;
			containerPortal = 1B7914C41E8DEF4700CB2B4C /* Project object */;
			proxyType = 1;
			remoteGlobalIDString = 1B7914CB1E8DEF4700CB2B4C;
			remoteInfo = OmnipotentSkip;
		};
/* End PBXContainerItemProxy section */

/* Begin PBXFileReference section */
		1B7914CC1E8DEF4800CB2B4C /* OmnipotentSkip.app */ = {isa = PBXFileReference; explicitFileType = wrapper.application; includeInIndex = 0; path = OmnipotentSkip.app; sourceTree = BUILT_PRODUCTS_DIR; };
		1B7914CF1E8DEF4800CB2B4C /* AppDelegate.swift */ = {isa = PBXFileReference; lastKnownFileType = sourcecode.swift; path = AppDelegate.swift; sourceTree = "<group>"; };
		1B7914D11E8DEF4800CB2B4C /* ViewController.swift */ = {isa = PBXFileReference; lastKnownFileType = sourcecode.swift; path = ViewController.swift; sourceTree = "<group>"; };
		1B7914D41E8DEF4800CB2B4C /* Base */ = {isa = PBXFileReference; lastKnownFileType = file.storyboard; name = Base; path = Base.lproj/Main.storyboard; sourceTree = "<group>"; };
		1B7914D61E8DEF4800CB2B4C /* Assets.xcassets */ = {isa = PBXFileReference; lastKnownFileType = folder.assetcatalog; path = Assets.xcassets; sourceTree = "<group>"; };
		1B7914D91E8DEF4800CB2B4C /* Base */ = {isa = PBXFileReference; lastKnownFileType = file.storyboard; name = Base; path = Base.lproj/LaunchScreen.storyboard; sourceTree = "<group>"; };
		1B7914DB1E8DEF4800CB2B4C /* Info.plist */ = {isa = PBXFileReference; lastKnownFileType = text.plist.xml; path = Info.plist; sourceTree = "<group>"; };
		1B7914E01E8DEF4800CB2B4C /* OmnipotentSkipTests.xctest */ = {isa = PBXFileReference; explicitFileType = wrapper.cfbundle; includeInIndex = 0; path = OmnipotentSkipTests.xctest; sourceTree = BUILT_PRODUCTS_DIR; };
		1B7914E41E8DEF4800CB2B4C /* OmnipotentSkipTests.swift */ = {isa = PBXFileReference; lastKnownFileType = sourcecode.swift; path = OmnipotentSkipTests.swift; sourceTree = "<group>"; };
		1B7914E61E8DEF4800CB2B4C /* Info.plist */ = {isa = PBXFileReference; lastKnownFileType = text.plist.xml; path = Info.plist; sourceTree = "<group>"; };
		1B7914EB1E8DEF4800CB2B4C /* OmnipotentSkipUITests.xctest */ = {isa = PBXFileReference; explicitFileType = wrapper.cfbundle; includeInIndex = 0; path = OmnipotentSkipUITests.xctest; sourceTree = BUILT_PRODUCTS_DIR; };
		1B7914EF1E8DEF4800CB2B4C /* OmnipotentSkipUITests.swift */ = {isa = PBXFileReference; lastKnownFileType = sourcecode.swift; path = OmnipotentSkipUITests.swift; sourceTree = "<group>"; };
		1B7914F11E8DEF4800CB2B4C /* Info.plist */ = {isa = PBXFileReference; lastKnownFileType = text.plist.xml; path = Info.plist; sourceTree = "<group>"; };
/* End PBXFileReference section */

/* Begin PBXFrameworksBuildPhase section */
		1B7914C91E8DEF4700CB2B4C /* Frameworks */ = {
			isa = PBXFrameworksBuildPhase;
			buildActionMask = 2147483647;
			files = (
			);
			runOnlyForDeploymentPostprocessing = 0;
		};
		1B7914DD1E8DEF4800CB2B4C /* Frameworks */ = {
			isa = PBXFrameworksBuildPhase;
			buildActionMask = 2147483647;
			files = (
			);
			runOnlyForDeploymentPostprocessing = 0;
		};
		1B7914E81E8DEF4800CB2B4C /* Frameworks */ = {
			isa = PBXFrameworksBuildPhase;
			buildActionMask = 2147483647;
			files = (
			);
			runOnlyForDeploymentPostprocessing = 0;
		};
/* End PBXFrameworksBuildPhase section */

/* Begin PBXGroup section */
		1B7914C31E8DEF4700CB2B4C = {
			isa = PBXGroup;
			children = (
				1B7914CE1E8DEF4800CB2B4C /* OmnipotentSkip */,
				1B7914E31E8DEF4800CB2B4C /* OmnipotentSkipTests */,
				1B7914EE1E8DEF4800CB2B4C /* OmnipotentSkipUITests */,
				1B7914CD1E8DEF4800CB2B4C /* Products */,
			);
			sourceTree = "<group>";
		};
		1B7914CD1E8DEF4800CB2B4C /* Products */ = {
			isa = PBXGroup;
			children = (
				1B7914CC1E8DEF4800CB2B4C /* OmnipotentSkip.app */,
				1B7914E01E8DEF4800CB2B4C /* OmnipotentSkipTests.xctest */,
				1B7914EB1E8DEF4800CB2B4C /* OmnipotentSkipUITests.xctest */,
			);
			name = Products;
			sourceTree = "<group>";
		};
		1B7914CE1E8DEF4800CB2B4C /* OmnipotentSkip */ = {
			isa = PBXGroup;
			children = (
				1B7914CF1E8DEF4800CB2B4C /* AppDelegate.swift */,
				1B7914D11E8DEF4800CB2B4C /* ViewController.swift */,
				1B7914D31E8DEF4800CB2B4C /* Main.storyboard */,
				1B7914D61E8DEF4800CB2B4C /* Assets.xcassets */,
				1B7914D81E8DEF4800CB2B4C /* LaunchScreen.storyboard */,
				1B7914DB1E8DEF4800CB2B4C /* Info.plist */,
			);
			path = OmnipotentSkip;
			sourceTree = "<group>";
		};
		1B7914E31E8DEF4800CB2B4C /* OmnipotentSkipTests */ = {
			isa = PBXGroup;
			children = (
				1B7914E41E8DEF4800CB2B4C /* OmnipotentSkipTests.swift */,
				1B7914E61E8DEF4800CB2B4C /* Info.plist */,
			);
			path = OmnipotentSkipTests;
			sourceTree = "<group>";
		};
		1B7914EE1E8DEF4800CB2B4C /* OmnipotentSkipUITests */ = {
			isa = PBXGroup;
			children = (
				1B7914EF1E8DEF4800CB2B4C /* OmnipotentSkipUITests.swift */,
				1B7914F11E8DEF4800CB2B4C /* Info.plist */,
			);
			path = OmnipotentSkipUITests;
			sourceTree = "<group>";
		};
/* End PBXGroup section */

/* Begin PBXNativeTarget section */
		1B7914CB1E8DEF4700CB2B4C /* OmnipotentSkip */ = {
			isa = PBXNativeTarget;
			buildConfigurationList = 1B7914F41E8DEF4800CB2B4C /* Build configuration list for PBXNativeTarget "OmnipotentSkip" */;
			buildPhases = (
				1B7914C81E8DEF4700CB2B4C /* Sources */,
				1B7914C91E8DEF4700CB2B4C /* Frameworks */,
				1B7914CA1E8DEF4700CB2B4C /* Resources */,
			);
			buildRules = (
			);
			dependencies = (
			);
			name = OmnipotentSkip;
			productName = OmnipotentSkip;
			productReference = 1B7914CC1E8DEF4800CB2B4C /* OmnipotentSkip.app */;
			productType = "com.apple.product-type.application";
		};
		1B7914DF1E8DEF4800CB2B4C /* OmnipotentSkipTests */ = {
			isa = PBXNativeTarget;
			buildConfigurationList = 1B7914F71E8DEF4800CB2B4C /* Build configuration list for PBXNativeTarget "OmnipotentSkipTests" */;
			buildPhases = (
				1B7914DC1E8DEF4800CB2B4C /* Sources */,
				1B7914DD1E8DEF4800CB2B4C /* Frameworks */,
				1B7914DE1E8DEF4800CB2B4C /* Resources */,
			);
			buildRules = (
			);
			dependencies = (
				1B7914E21E8DEF4800CB2B4C /* PBXTargetDependency */,
			);
			name = OmnipotentSkipTests;
			productName = OmnipotentSkipTests;
			productReference = 1B7914E01E8DEF4800CB2B4C /* OmnipotentSkipTests.xctest */;
			productType = "com.apple.product-type.bundle.unit-test";
		};
		1B7914EA1E8DEF4800CB2B4C /* OmnipotentSkipUITests */ = {
			isa = PBXNativeTarget;
			buildConfigurationList = 1B7914FA1E8DEF4800CB2B4C /* Build configuration list for PBXNativeTarget "OmnipotentSkipUITests" */;
			buildPhases = (
				1B7914E71E8DEF4800CB2B4C /* Sources */,
				1B7914E81E8DEF4800CB2B4C /* Frameworks */,
				1B7914E91E8DEF4800CB2B4C /* Resources */,
			);
			buildRules = (
			);
			dependencies = (
				1B7914ED1E8DEF4800CB2B4C /* PBXTargetDependency */,
			);
			name = OmnipotentSkipUITests;
			productName = OmnipotentSkipUITests;
			productReference = 1B7914EB1E8DEF4800CB2B4C /* OmnipotentSkipUITests.xctest */;
			productType = "com.apple.product-type.bundle.ui-testing";
		};
/* End PBXNativeTarget section */

/* Begin PBXProject section */
		1B7914C41E8DEF4700CB2B4C /* Project object */ = {
			isa = PBXProject;
			attributes = {
				LastSwiftUpdateCheck = 0820;
				LastUpgradeCheck = 0820;
				ORGANIZATIONNAME = besttone;
				TargetAttributes = {
					1B7914CB1E8DEF4700CB2B4C = {
						CreatedOnToolsVersion = 8.2.1;
						DevelopmentTeam = PD6H97QKA5;
						ProvisioningStyle = Automatic;
					};
					1B7914DF1E8DEF4800CB2B4C = {
						CreatedOnToolsVersion = 8.2.1;
						DevelopmentTeam = PD6H97QKA5;
						ProvisioningStyle = Automatic;
						TestTargetID = 1B7914CB1E8DEF4700CB2B4C;
					};
					1B7914EA1E8DEF4800CB2B4C = {
						CreatedOnToolsVersion = 8.2.1;
						DevelopmentTeam = PD6H97QKA5;
						ProvisioningStyle = Automatic;
						TestTargetID = 1B7914CB1E8DEF4700CB2B4C;
					};
				};
			};
			buildConfigurationList = 1B7914C71E8DEF4700CB2B4C /* Build configuration list for PBXProject "OmnipotentSkip" */;
			compatibilityVersion = "Xcode 3.2";
			developmentRegion = English;
			hasScannedForEncodings = 0;
			knownRegions = (
				en,
				Base,
			);
			mainGroup = 1B7914C31E8DEF4700CB2B4C;
			productRefGroup = 1B7914CD1E8DEF4800CB2B4C /* Products */;
			projectDirPath = "";
			projectRoot = "";
			targets = (
				1B7914CB1E8DEF4700CB2B4C /* OmnipotentSkip */,
				1B7914DF1E8DEF4800CB2B4C /* OmnipotentSkipTests */,
				1B7914EA1E8DEF4800CB2B4C /* OmnipotentSkipUITests */,
			);
		};
/* End PBXProject section */

/* Begin PBXResourcesBuildPhase section */
		1B7914CA1E8DEF4700CB2B4C /* Resources */ = {
			isa = PBXResourcesBuildPhase;
			buildActionMask = 2147483647;
			files = (
				1B7914DA1E8DEF4800CB2B4C /* LaunchScreen.storyboard in Resources */,
				1B7914D71E8DEF4800CB2B4C /* Assets.xcassets in Resources */,
				1B7914D51E8DEF4800CB2B4C /* Main.storyboard in Resources */,
			);
			runOnlyForDeploymentPostprocessing = 0;
		};
		1B7914DE1E8DEF4800CB2B4C /* Resources */ = {
			isa = PBXResourcesBuildPhase;
			buildActionMask = 2147483647;
			files = (
			);
			runOnlyForDeploymentPostprocessing = 0;
		};
		1B7914E91E8DEF4800CB2B4C /* Resources */ = {
			isa = PBXResourcesBuildPhase;
			buildActionMask = 2147483647;
			files = (
			);
			runOnlyForDeploymentPostprocessing = 0;
		};
/* End PBXResourcesBuildPhase section */

/* Begin PBXSourcesBuildPhase section */
		1B7914C81E8DEF4700CB2B4C /* Sources */ = {
			isa = PBXSourcesBuildPhase;
			buildActionMask = 2147483647;
			files = (
				1B7914D21E8DEF4800CB2B4C /* ViewController.swift in Sources */,
				1B7914D01E8DEF4800CB2B4C /* AppDelegate.swift in Sources */,
			);
			runOnlyForDeploymentPostprocessing = 0;
		};
		1B7914DC1E8DEF4800CB2B4C /* Sources */ = {
			isa = PBXSourcesBuildPhase;
			buildActionMask = 2147483647;
			files = (
				1B7914E51E8DEF4800CB2B4C /* OmnipotentSkipTests.swift in Sources */,
			);
			runOnlyForDeploymentPostprocessing = 0;
		};
		1B7914E71E8DEF4800CB2B4C /* Sources */ = {
			isa = PBXSourcesBuildPhase;
			buildActionMask = 2147483647;
			files = (
				1B7914F01E8DEF4800CB2B4C /* OmnipotentSkipUITests.swift in Sources */,
			);
			runOnlyForDeploymentPostprocessing = 0;
		};
/* End PBXSourcesBuildPhase section */

/* Begin PBXTargetDependency section */
		1B7914E21E8DEF4800CB2B4C /* PBXTargetDependency */ = {
			isa = PBXTargetDependency;
			target = 1B7914CB1E8DEF4700CB2B4C /* OmnipotentSkip */;
			targetProxy = 1B7914E11E8DEF4800CB2B4C /* PBXContainerItemProxy */;
		};
		1B7914ED1E8DEF4800CB2B4C /* PBXTargetDependency */ = {
			isa = PBXTargetDependency;
			target = 1B7914CB1E8DEF4700CB2B4C /* OmnipotentSkip */;
			targetProxy = 1B7914EC1E8DEF4800CB2B4C /* PBXContainerItemProxy */;
		};
/* End PBXTargetDependency section */

/* Begin PBXVariantGroup section */
		1B7914D31E8DEF4800CB2B4C /* Main.storyboard */ = {
			isa = PBXVariantGroup;
			children = (
				1B7914D41E8DEF4800CB2B4C /* Base */,
			);
			name = Main.storyboard;
			sourceTree = "<group>";
		};
		1B7914D81E8DEF4800CB2B4C /* LaunchScreen.storyboard */ = {
			isa = PBXVariantGroup;
			children = (
				1B7914D91E8DEF4800CB2B4C /* Base */,
			);
			name = LaunchScreen.storyboard;
			sourceTree = "<group>";
		};
/* End PBXVariantGroup section */

/* Begin XCBuildConfiguration section */
		1B7914F21E8DEF4800CB2B4C /* Debug */ = {
			isa = XCBuildConfiguration;
			buildSettings = {
				ALWAYS_SEARCH_USER_PATHS = NO;
				CLANG_ANALYZER_NONNULL = YES;
				CLANG_CXX_LANGUAGE_STANDARD = "gnu++0x";
				CLANG_CXX_LIBRARY = "libc++";
				CLANG_ENABLE_MODULES = YES;
				CLANG_ENABLE_OBJC_ARC = YES;
				CLANG_WARN_BOOL_CONVERSION = YES;
				CLANG_WARN_CONSTANT_CONVERSION = YES;
				CLANG_WARN_DIRECT_OBJC_ISA_USAGE = YES_ERROR;
				CLANG_WARN_DOCUMENTATION_COMMENTS = YES;
				CLANG_WARN_EMPTY_BODY = YES;
				CLANG_WARN_ENUM_CONVERSION = YES;
				CLANG_WARN_INFINITE_RECURSION = YES;
				CLANG_WARN_INT_CONVERSION = YES;
				CLANG_WARN_OBJC_ROOT_CLASS = YES_ERROR;
				CLANG_WARN_SUSPICIOUS_MOVE = YES;
				CLANG_WARN_UNREACHABLE_CODE = YES;
				CLANG_WARN__DUPLICATE_METHOD_MATCH = YES;
				"CODE_SIGN_IDENTITY[sdk=iphoneos*]" = "iPhone Developer";
				COPY_PHASE_STRIP = NO;
				DEBUG_INFORMATION_FORMAT = dwarf;
				ENABLE_STRICT_OBJC_MSGSEND = YES;
				ENABLE_TESTABILITY = YES;
				GCC_C_LANGUAGE_STANDARD = gnu99;
				GCC_DYNAMIC_NO_PIC = NO;
				GCC_NO_COMMON_BLOCKS = YES;
				GCC_OPTIMIZATION_LEVEL = 0;
				GCC_PREPROCESSOR_DEFINITIONS = (
					"DEBUG=1",
					"$(inherited)",
				);
				GCC_WARN_64_TO_32_BIT_CONVERSION = YES;
				GCC_WARN_ABOUT_RETURN_TYPE = YES_ERROR;
				GCC_WARN_UNDECLARED_SELECTOR = YES;
				GCC_WARN_UNINITIALIZED_AUTOS = YES_AGGRESSIVE;
				GCC_WARN_UNUSED_FUNCTION = YES;
				GCC_WARN_UNUSED_VARIABLE = YES;
				IPHONEOS_DEPLOYMENT_TARGET = 10.2;
				MTL_ENABLE_DEBUG_INFO = YES;
				ONLY_ACTIVE_ARCH = YES;
				SDKROOT = iphoneos;
				SWIFT_ACTIVE_COMPILATION_CONDITIONS = DEBUG;
				SWIFT_OPTIMIZATION_LEVEL = "-Onone";
			};
			name = Debug;
		};
		1B7914F31E8DEF4800CB2B4C /* Release */ = {
			isa = XCBuildConfiguration;
			buildSettings = {
				ALWAYS_SEARCH_USER_PATHS = NO;
				CLANG_ANALYZER_NONNULL = YES;
				CLANG_CXX_LANGUAGE_STANDARD = "gnu++0x";
				CLANG_CXX_LIBRARY = "libc++";
				CLANG_ENABLE_MODULES = YES;
				CLANG_ENABLE_OBJC_ARC = YES;
				CLANG_WARN_BOOL_CONVERSION = YES;
				CLANG_WARN_CONSTANT_CONVERSION = YES;
				CLANG_WARN_DIRECT_OBJC_ISA_USAGE = YES_ERROR;
				CLANG_WARN_DOCUMENTATION_COMMENTS = YES;
				CLANG_WARN_EMPTY_BODY = YES;
				CLANG_WARN_ENUM_CONVERSION = YES;
				CLANG_WARN_INFINITE_RECURSION = YES;
				CLANG_WARN_INT_CONVERSION = YES;
				CLANG_WARN_OBJC_ROOT_CLASS = YES_ERROR;
				CLANG_WARN_SUSPICIOUS_MOVE = YES;
				CLANG_WARN_UNREACHABLE_CODE = YES;
				CLANG_WARN__DUPLICATE_METHOD_MATCH = YES;
				"CODE_SIGN_IDENTITY[sdk=iphoneos*]" = "iPhone Developer";
				COPY_PHASE_STRIP = NO;
				DEBUG_INFORMATION_FORMAT = "dwarf-with-dsym";
				ENABLE_NS_ASSERTIONS = NO;
				ENABLE_STRICT_OBJC_MSGSEND = YES;
				GCC_C_LANGUAGE_STANDARD = gnu99;
				GCC_NO_COMMON_BLOCKS = YES;
				GCC_WARN_64_TO_32_BIT_CONVERSION = YES;
				GCC_WARN_ABOUT_RETURN_TYPE = YES_ERROR;
				GCC_WARN_UNDECLARED_SELECTOR = YES;
				GCC_WARN_UNINITIALIZED_AUTOS = YES_AGGRESSIVE;
				GCC_WARN_UNUSED_FUNCTION = YES;
				GCC_WARN_UNUSED_VARIABLE = YES;
				IPHONEOS_DEPLOYMENT_TARGET = 10.2;
				MTL_ENABLE_DEBUG_INFO = NO;
				SDKROOT = iphoneos;
				SWIFT_OPTIMIZATION_LEVEL = "-Owholemodule";
				VALIDATE_PRODUCT = YES;
			};
			name = Release;
		};
		1B7914F51E8DEF4800CB2B4C /* Debug */ = {
			isa = XCBuildConfiguration;
			buildSettings = {
				ASSETCATALOG_COMPILER_APPICON_NAME = AppIcon;
				DEVELOPMENT_TEAM = PD6H97QKA5;
				INFOPLIST_FILE = OmnipotentSkip/Info.plist;
				LD_RUNPATH_SEARCH_PATHS = "$(inherited) @executable_path/Frameworks";
				PRODUCT_BUNDLE_IDENTIFIER = com.besttone.OmnipotentSkip;
				PRODUCT_NAME = "$(TARGET_NAME)";
				SWIFT_VERSION = 3.0;
			};
			name = Debug;
		};
		1B7914F61E8DEF4800CB2B4C /* Release */ = {
			isa = XCBuildConfiguration;
			buildSettings = {
				ASSETCATALOG_COMPILER_APPICON_NAME = AppIcon;
				DEVELOPMENT_TEAM = PD6H97QKA5;
				INFOPLIST_FILE = OmnipotentSkip/Info.plist;
				LD_RUNPATH_SEARCH_PATHS = "$(inherited) @executable_path/Frameworks";
				PRODUCT_BUNDLE_IDENTIFIER = com.besttone.OmnipotentSkip;
				PRODUCT_NAME = "$(TARGET_NAME)";
				SWIFT_VERSION = 3.0;
			};
			name = Release;
		};
		1B7914F81E8DEF4800CB2B4C /* Debug */ = {
			isa = XCBuildConfiguration;
			buildSettings = {
				ALWAYS_EMBED_SWIFT_STANDARD_LIBRARIES = YES;
				BUNDLE_LOADER = "$(TEST_HOST)";
				DEVELOPMENT_TEAM = PD6H97QKA5;
				INFOPLIST_FILE = OmnipotentSkipTests/Info.plist;
				LD_RUNPATH_SEARCH_PATHS = "$(inherited) @executable_path/Frameworks @loader_path/Frameworks";
				PRODUCT_BUNDLE_IDENTIFIER = com.besttone.OmnipotentSkipTests;
				PRODUCT_NAME = "$(TARGET_NAME)";
				SWIFT_VERSION = 3.0;
				TEST_HOST = "$(BUILT_PRODUCTS_DIR)/OmnipotentSkip.app/OmnipotentSkip";
			};
			name = Debug;
		};
		1B7914F91E8DEF4800CB2B4C /* Release */ = {
			isa = XCBuildConfiguration;
			buildSettings = {
				ALWAYS_EMBED_SWIFT_STANDARD_LIBRARIES = YES;
				BUNDLE_LOADER = "$(TEST_HOST)";
				DEVELOPMENT_TEAM = PD6H97QKA5;
				INFOPLIST_FILE = OmnipotentSkipTests/Info.plist;
				LD_RUNPATH_SEARCH_PATHS = "$(inherited) @executable_path/Frameworks @loader_path/Frameworks";
				PRODUCT_BUNDLE_IDENTIFIER = com.besttone.OmnipotentSkipTests;
				PRODUCT_NAME = "$(TARGET_NAME)";
				SWIFT_VERSION = 3.0;
				TEST_HOST = "$(BUILT_PRODUCTS_DIR)/OmnipotentSkip.app/OmnipotentSkip";
			};
			name = Release;
		};
		1B7914FB1E8DEF4800CB2B4C /* Debug */ = {
			isa = XCBuildConfiguration;
			buildSettings = {
				ALWAYS_EMBED_SWIFT_STANDARD_LIBRARIES = YES;
				DEVELOPMENT_TEAM = PD6H97QKA5;
				INFOPLIST_FILE = OmnipotentSkipUITests/Info.plist;
				LD_RUNPATH_SEARCH_PATHS = "$(inherited) @executable_path/Frameworks @loader_path/Frameworks";
				PRODUCT_BUNDLE_IDENTIFIER = com.besttone.OmnipotentSkipUITests;
				PRODUCT_NAME = "$(TARGET_NAME)";
				SWIFT_VERSION = 3.0;
				TEST_TARGET_NAME = OmnipotentSkip;
			};
			name = Debug;
		};
		1B7914FC1E8DEF4800CB2B4C /* Release */ = {
			isa = XCBuildConfiguration;
			buildSettings = {
				ALWAYS_EMBED_SWIFT_STANDARD_LIBRARIES = YES;
				DEVELOPMENT_TEAM = PD6H97QKA5;
				INFOPLIST_FILE = OmnipotentSkipUITests/Info.plist;
				LD_RUNPATH_SEARCH_PATHS = "$(inherited) @executable_path/Frameworks @loader_path/Frameworks";
				PRODUCT_BUNDLE_IDENTIFIER = com.besttone.OmnipotentSkipUITests;
				PRODUCT_NAME = "$(TARGET_NAME)";
				SWIFT_VERSION = 3.0;
				TEST_TARGET_NAME = OmnipotentSkip;
			};
			name = Release;
		};
/* End XCBuildConfiguration section */

/* Begin XCConfigurationList section */
		1B7914C71E8DEF4700CB2B4C /* Build configuration list for PBXProject "OmnipotentSkip" */ = {
			isa = XCConfigurationList;
			buildConfigurations = (
				1B7914F21E8DEF4800CB2B4C /* Debug */,
				1B7914F31E8DEF4800CB2B4C /* Release */,
			);
			defaultConfigurationIsVisible = 0;
			defaultConfigurationName = Release;
		};
		1B7914F41E8DEF4800CB2B4C /* Build configuration list for PBXNativeTarget "OmnipotentSkip" */ = {
			isa = XCConfigurationList;
			buildConfigurations = (
				1B7914F51E8DEF4800CB2B4C /* Debug */,
				1B7914F61E8DEF4800CB2B4C /* Release */,
			);
			defaultConfigurationIsVisible = 0;
		};
		1B7914F71E8DEF4800CB2B4C /* Build configuration list for PBXNativeTarget "OmnipotentSkipTests" */ = {
			isa = XCConfigurationList;
			buildConfigurations = (
				1B7914F81E8DEF4800CB2B4C /* Debug */,
				1B7914F91E8DEF4800CB2B4C /* Release */,
			);
			defaultConfigurationIsVisible = 0;
		};
		1B7914FA1E8DEF4800CB2B4C /* Build configuration list for PBXNativeTarget "OmnipotentSkipUITests" */ = {
			isa = XCConfigurationList;
			buildConfigurations = (
				1B7914FB1E8DEF4800CB2B4C /* Debug */,
				1B7914FC1E8DEF4800CB2B4C /* Release */,
			);
			defaultConfigurationIsVisible = 0;
		};
/* End XCConfigurationList section */
	};
	rootObject = 1B7914C41E8DEF4700CB2B4C /* Project object */;
}
